
Microsoft Visual Studio Solution File, Format Version 12.00
# Visual Studio Version 16
VisualStudioVersion = 16.0.29613.14
MinimumVisualStudioVersion = 10.0.40219.1
Project("{9A19103F-16F7-4668-BE54-9A1E7A4F7556}") = "NodeMonitor", "NodeMonitor\NodeMonitor.csproj", "{A7B637C9-40DB-48F4-81C8-590924AE939F}"
EndProject
Project("{2150E333-8FDC-42A3-9474-1A3956D46DE8}") = "Data", "Data", "{2962CAE7-96EA-41F5-A0B2-C119527F1990}"
EndProject
Project("{2150E333-8FDC-42A3-9474-1A3956D46DE8}") = "Web", "Web", "{51A7AF19-CA64-4799-9395-4CFB94F876A7}"
EndProject
Project("{9A19103F-16F7-4668-BE54-9A1E7A4F7556}") = "NeoMonitor.Data", "NeoMonitor.Data\NeoMonitor.Data.csproj", "{12578F3F-25F1-465A-8588-33262378B181}"
EndProject
Project("{9A19103F-16F7-4668-BE54-9A1E7A4F7556}") = "NeoMonitor.Data.Models", "NeoMonitor.Data.Models\NeoMonitor.Data.Models.csproj", "{9C2F4BB2-EA47-4F32-BBBB-67CAB9AF325F}"
EndProject
Project("{2150E333-8FDC-42A3-9474-1A3956D46DE8}") = "Common", "Common", "{942E1EEC-056F-4562-B150-EEB54993E145}"
EndProject
Project("{9A19103F-16F7-4668-BE54-9A1E7A4F7556}") = "NodeMonitor.ViewModels", "NodeMonitor.ViewModels\NodeMonitor.ViewModels.csproj", "{F9D9F9FD-1CB1-4703-80B8-69805F44F272}"
EndProject
Project("{9A19103F-16F7-4668-BE54-9A1E7A4F7556}") = "NeoMonitor.Infrastructure", "NeoMonitor.Infrastructure\NeoMonitor.Infrastructure.csproj", "{15FB0F55-AAB4-4010-872E-B34325ED0BFC}"
EndProject
Project("{9A19103F-16F7-4668-BE54-9A1E7A4F7556}") = "NeoState.Common", "NeoState.Common\NeoState.Common.csproj", "{F3D23582-3693-4178-8AF4-87193B220A88}"
EndProject
Project("{9A19103F-16F7-4668-BE54-9A1E7A4F7556}") = "NodeMonitor.Web.Abstraction", "NodeMonitor.Web.Abstraction\NodeMonitor.Web.Abstraction.csproj", "{51469089-D540-4766-A19E-14C1FC1A819C}"
EndProject
Project("{2150E333-8FDC-42A3-9474-1A3956D46DE8}") = "Analysis", "Analysis", "{66925116-FFE3-4895-A895-8F275546FB8E}"
EndProject
Project("{FAE04EC0-301F-11D3-BF4B-00C04F79EFBC}") = "NeoMonitor.Analysis.Web", "NeoMonitor.Analysis.Web\NeoMonitor.Analysis.Web.csproj", "{9293E700-8AA3-49A1-BF8A-F767F5819760}"
EndProject
Global
	GlobalSection(SolutionConfigurationPlatforms) = preSolution
		Debug|Any CPU = Debug|Any CPU
		Debug|x64 = Debug|x64
		Debug|x86 = Debug|x86
		Release|Any CPU = Release|Any CPU
		Release|x64 = Release|x64
		Release|x86 = Release|x86
	EndGlobalSection
	GlobalSection(ProjectConfigurationPlatforms) = postSolution
		{A7B637C9-40DB-48F4-81C8-590924AE939F}.Debug|Any CPU.ActiveCfg = Debug|Any CPU
		{A7B637C9-40DB-48F4-81C8-590924AE939F}.Debug|Any CPU.Build.0 = Debug|Any CPU
		{A7B637C9-40DB-48F4-81C8-590924AE939F}.Debug|x64.ActiveCfg = Debug|Any CPU
		{A7B637C9-40DB-48F4-81C8-590924AE939F}.Debug|x64.Build.0 = Debug|Any CPU
		{A7B637C9-40DB-48F4-81C8-590924AE939F}.Debug|x86.ActiveCfg = Debug|Any CPU
		{A7B637C9-40DB-48F4-81C8-590924AE939F}.Debug|x86.Build.0 = Debug|Any CPU
		{A7B637C9-40DB-48F4-81C8-590924AE939F}.Release|Any CPU.ActiveCfg = Release|Any CPU
		{A7B637C9-40DB-48F4-81C8-590924AE939F}.Release|Any CPU.Build.0 = Release|Any CPU
		{A7B637C9-40DB-48F4-81C8-590924AE939F}.Release|x64.ActiveCfg = Release|Any CPU
		{A7B637C9-40DB-48F4-81C8-590924AE939F}.Release|x64.Build.0 = Release|Any CPU
		{A7B637C9-40DB-48F4-81C8-590924AE939F}.Release|x86.ActiveCfg = Release|Any CPU
		{A7B637C9-40DB-48F4-81C8-590924AE939F}.Release|x86.Build.0 = Release|Any CPU
		{12578F3F-25F1-465A-8588-33262378B181}.Debug|Any CPU.ActiveCfg = Debug|Any CPU
		{12578F3F-25F1-465A-8588-33262378B181}.Debug|Any CPU.Build.0 = Debug|Any CPU
		{12578F3F-25F1-465A-8588-33262378B181}.Debug|x64.ActiveCfg = Debug|Any CPU
		{12578F3F-25F1-465A-8588-33262378B181}.Debug|x64.Build.0 = Debug|Any CPU
		{12578F3F-25F1-465A-8588-33262378B181}.Debug|x86.ActiveCfg = Debug|Any CPU
		{12578F3F-25F1-465A-8588-33262378B181}.Debug|x86.Build.0 = Debug|Any CPU
		{12578F3F-25F1-465A-8588-33262378B181}.Release|Any CPU.ActiveCfg = Release|Any CPU
		{12578F3F-25F1-465A-8588-33262378B181}.Release|Any CPU.Build.0 = Release|Any CPU
		{12578F3F-25F1-465A-8588-33262378B181}.Release|x64.ActiveCfg = Release|Any CPU
		{12578F3F-25F1-465A-8588-33262378B181}.Release|x64.Build.0 = Release|Any CPU
		{12578F3F-25F1-465A-8588-33262378B181}.Release|x86.ActiveCfg = Release|Any CPU
		{12578F3F-25F1-465A-8588-33262378B181}.Release|x86.Build.0 = Release|Any CPU
		{9C2F4BB2-EA47-4F32-BBBB-67CAB9AF325F}.Debug|Any CPU.ActiveCfg = Debug|Any CPU
		{9C2F4BB2-EA47-4F32-BBBB-67CAB9AF325F}.Debug|Any CPU.Build.0 = Debug|Any CPU
		{9C2F4BB2-EA47-4F32-BBBB-67CAB9AF325F}.Debug|x64.ActiveCfg = Debug|Any CPU
		{9C2F4BB2-EA47-4F32-BBBB-67CAB9AF325F}.Debug|x64.Build.0 = Debug|Any CPU
		{9C2F4BB2-EA47-4F32-BBBB-67CAB9AF325F}.Debug|x86.ActiveCfg = Debug|Any CPU
		{9C2F4BB2-EA47-4F32-BBBB-67CAB9AF325F}.Debug|x86.Build.0 = Debug|Any CPU
		{9C2F4BB2-EA47-4F32-BBBB-67CAB9AF325F}.Release|Any CPU.ActiveCfg = Release|Any CPU
		{9C2F4BB2-EA47-4F32-BBBB-67CAB9AF325F}.Release|Any CPU.Build.0 = Release|Any CPU
		{9C2F4BB2-EA47-4F32-BBBB-67CAB9AF325F}.Release|x64.ActiveCfg = Release|Any CPU
		{9C2F4BB2-EA47-4F32-BBBB-67CAB9AF325F}.Release|x64.Build.0 = Release|Any CPU
		{9C2F4BB2-EA47-4F32-BBBB-67CAB9AF325F}.Release|x86.ActiveCfg = Release|Any CPU
		{9C2F4BB2-EA47-4F32-BBBB-67CAB9AF325F}.Release|x86.Build.0 = Release|Any CPU
		{F9D9F9FD-1CB1-4703-80B8-69805F44F272}.Debug|Any CPU.ActiveCfg = Debug|Any CPU
		{F9D9F9FD-1CB1-4703-80B8-69805F44F272}.Debug|Any CPU.Build.0 = Debug|Any CPU
		{F9D9F9FD-1CB1-4703-80B8-69805F44F272}.Debug|x64.ActiveCfg = Debug|Any CPU
		{F9D9F9FD-1CB1-4703-80B8-69805F44F272}.Debug|x64.Build.0 = Debug|Any CPU
		{F9D9F9FD-1CB1-4703-80B8-69805F44F272}.Debug|x86.ActiveCfg = Debug|Any CPU
		{F9D9F9FD-1CB1-4703-80B8-69805F44F272}.Debug|x86.Build.0 = Debug|Any CPU
		{F9D9F9FD-1CB1-4703-80B8-69805F44F272}.Release|Any CPU.ActiveCfg = Release|Any CPU
		{F9D9F9FD-1CB1-4703-80B8-69805F44F272}.Release|Any CPU.Build.0 = Release|Any CPU
		{F9D9F9FD-1CB1-4703-80B8-69805F44F272}.Release|x64.ActiveCfg = Release|Any CPU
		{F9D9F9FD-1CB1-4703-80B8-69805F44F272}.Release|x64.Build.0 = Release|Any CPU
		{F9D9F9FD-1CB1-4703-80B8-69805F44F272}.Release|x86.ActiveCfg = Release|Any CPU
		{F9D9F9FD-1CB1-4703-80B8-69805F44F272}.Release|x86.Build.0 = Release|Any CPU
		{15FB0F55-AAB4-4010-872E-B34325ED0BFC}.Debug|Any CPU.ActiveCfg = Debug|Any CPU
		{15FB0F55-AAB4-4010-872E-B34325ED0BFC}.Debug|Any CPU.Build.0 = Debug|Any CPU
		{15FB0F55-AAB4-4010-872E-B34325ED0BFC}.Debug|x64.ActiveCfg = Debug|Any CPU
		{15FB0F55-AAB4-4010-872E-B34325ED0BFC}.Debug|x64.Build.0 = Debug|Any CPU
		{15FB0F55-AAB4-4010-872E-B34325ED0BFC}.Debug|x86.ActiveCfg = Debug|Any CPU
		{15FB0F55-AAB4-4010-872E-B34325ED0BFC}.Debug|x86.Build.0 = Debug|Any CPU
		{15FB0F55-AAB4-4010-872E-B34325ED0BFC}.Release|Any CPU.ActiveCfg = Release|Any CPU
		{15FB0F55-AAB4-4010-872E-B34325ED0BFC}.Release|Any CPU.Build.0 = Release|Any CPU
		{15FB0F55-AAB4-4010-872E-B34325ED0BFC}.Release|x64.ActiveCfg = Release|Any CPU
		{15FB0F55-AAB4-4010-872E-B34325ED0BFC}.Release|x64.Build.0 = Release|Any CPU
		{15FB0F55-AAB4-4010-872E-B34325ED0BFC}.Release|x86.ActiveCfg = Release|Any CPU
		{15FB0F55-AAB4-4010-872E-B34325ED0BFC}.Release|x86.Build.0 = Release|Any CPU
		{F3D23582-3693-4178-8AF4-87193B220A88}.Debug|Any CPU.ActiveCfg = Debug|Any CPU
		{F3D23582-3693-4178-8AF4-87193B220A88}.Debug|Any CPU.Build.0 = Debug|Any CPU
		{F3D23582-3693-4178-8AF4-87193B220A88}.Debug|x64.ActiveCfg = Debug|Any CPU
		{F3D23582-3693-4178-8AF4-87193B220A88}.Debug|x64.Build.0 = Debug|Any CPU
		{F3D23582-3693-4178-8AF4-87193B220A88}.Debug|x86.ActiveCfg = Debug|Any CPU
		{F3D23582-3693-4178-8AF4-87193B220A88}.Debug|x86.Build.0 = Debug|Any CPU
		{F3D23582-3693-4178-8AF4-87193B220A88}.Release|Any CPU.ActiveCfg = Release|Any CPU
		{F3D23582-3693-4178-8AF4-87193B220A88}.Release|Any CPU.Build.0 = Release|Any CPU
		{F3D23582-3693-4178-8AF4-87193B220A88}.Release|x64.ActiveCfg = Release|Any CPU
		{F3D23582-3693-4178-8AF4-87193B220A88}.Release|x64.Build.0 = Release|Any CPU
		{F3D23582-3693-4178-8AF4-87193B220A88}.Release|x86.ActiveCfg = Release|Any CPU
		{F3D23582-3693-4178-8AF4-87193B220A88}.Release|x86.Build.0 = Release|Any CPU
		{51469089-D540-4766-A19E-14C1FC1A819C}.Debug|Any CPU.ActiveCfg = Debug|Any CPU
		{51469089-D540-4766-A19E-14C1FC1A819C}.Debug|Any CPU.Build.0 = Debug|Any CPU
		{51469089-D540-4766-A19E-14C1FC1A819C}.Debug|x64.ActiveCfg = Debug|Any CPU
		{51469089-D540-4766-A19E-14C1FC1A819C}.Debug|x64.Build.0 = Debug|Any CPU
		{51469089-D540-4766-A19E-14C1FC1A819C}.Debug|x86.ActiveCfg = Debug|Any CPU
		{51469089-D540-4766-A19E-14C1FC1A819C}.Debug|x86.Build.0 = Debug|Any CPU
		{51469089-D540-4766-A19E-14C1FC1A819C}.Release|Any CPU.ActiveCfg = Release|Any CPU
		{51469089-D540-4766-A19E-14C1FC1A819C}.Release|Any CPU.Build.0 = Release|Any CPU
		{51469089-D540-4766-A19E-14C1FC1A819C}.Release|x64.ActiveCfg = Release|Any CPU
		{51469089-D540-4766-A19E-14C1FC1A819C}.Release|x64.Build.0 = Release|Any CPU
		{51469089-D540-4766-A19E-14C1FC1A819C}.Release|x86.ActiveCfg = Release|Any CPU
		{51469089-D540-4766-A19E-14C1FC1A819C}.Release|x86.Build.0 = Release|Any CPU
		{9293E700-8AA3-49A1-BF8A-F767F5819760}.Debug|Any CPU.ActiveCfg = Debug|Any CPU
		{9293E700-8AA3-49A1-BF8A-F767F5819760}.Debug|Any CPU.Build.0 = Debug|Any CPU
		{9293E700-8AA3-49A1-BF8A-F767F5819760}.Debug|x64.ActiveCfg = Debug|Any CPU
		{9293E700-8AA3-49A1-BF8A-F767F5819760}.Debug|x64.Build.0 = Debug|Any CPU
		{9293E700-8AA3-49A1-BF8A-F767F5819760}.Debug|x86.ActiveCfg = Debug|Any CPU
		{9293E700-8AA3-49A1-BF8A-F767F5819760}.Debug|x86.Build.0 = Debug|Any CPU
		{9293E700-8AA3-49A1-BF8A-F767F5819760}.Release|Any CPU.ActiveCfg = Release|Any CPU
		{9293E700-8AA3-49A1-BF8A-F767F5819760}.Release|Any CPU.Build.0 = Release|Any CPU
		{9293E700-8AA3-49A1-BF8A-F767F5819760}.Release|x64.ActiveCfg = Release|Any CPU
		{9293E700-8AA3-49A1-BF8A-F767F5819760}.Release|x64.Build.0 = Release|Any CPU
		{9293E700-8AA3-49A1-BF8A-F767F5819760}.Release|x86.ActiveCfg = Release|Any CPU
		{9293E700-8AA3-49A1-BF8A-F767F5819760}.Release|x86.Build.0 = Release|Any CPU
	EndGlobalSection
	GlobalSection(SolutionProperties) = preSolution
		HideSolutionNode = FALSE
	EndGlobalSection
	GlobalSection(NestedProjects) = preSolution
		{A7B637C9-40DB-48F4-81C8-590924AE939F} = {51A7AF19-CA64-4799-9395-4CFB94F876A7}
		{12578F3F-25F1-465A-8588-33262378B181} = {2962CAE7-96EA-41F5-A0B2-C119527F1990}
		{9C2F4BB2-EA47-4F32-BBBB-67CAB9AF325F} = {2962CAE7-96EA-41F5-A0B2-C119527F1990}
		{F9D9F9FD-1CB1-4703-80B8-69805F44F272} = {51A7AF19-CA64-4799-9395-4CFB94F876A7}
		{15FB0F55-AAB4-4010-872E-B34325ED0BFC} = {2962CAE7-96EA-41F5-A0B2-C119527F1990}
		{F3D23582-3693-4178-8AF4-87193B220A88} = {942E1EEC-056F-4562-B150-EEB54993E145}
		{51469089-D540-4766-A19E-14C1FC1A819C} = {51A7AF19-CA64-4799-9395-4CFB94F876A7}
		{9293E700-8AA3-49A1-BF8A-F767F5819760} = {66925116-FFE3-4895-A895-8F275546FB8E}
	EndGlobalSection
	GlobalSection(ExtensibilityGlobals) = postSolution
		SolutionGuid = {DED88D3F-A262-46CC-BCA3-7AEF8690557F}
	EndGlobalSection
EndGlobal
